// !$*UTF8*$!
{
	archiveVersion = 1;
	classes = {
	};
	objectVersion = 50;
	objects = {

/* Begin PBXBuildFile section */
		A3DF4DF5219A083800665AEB /* AppDelegate.swift in Sources */ = {isa = PBXBuildFile; fileRef = A3DF4DF4219A083800665AEB /* AppDelegate.swift */; };
		A3DF4DF7219A083800665AEB /* ViewController.swift in Sources */ = {isa = PBXBuildFile; fileRef = A3DF4DF6219A083800665AEB /* ViewController.swift */; };
		A3DF4DFA219A083800665AEB /* Main.storyboard in Resources */ = {isa = PBXBuildFile; fileRef = A3DF4DF8219A083800665AEB /* Main.storyboard */; };
		A3DF4DFC219A083A00665AEB /* Assets.xcassets in Resources */ = {isa = PBXBuildFile; fileRef = A3DF4DFB219A083A00665AEB /* Assets.xcassets */; };
		A3DF4DFF219A083A00665AEB /* LaunchScreen.storyboard in Resources */ = {isa = PBXBuildFile; fileRef = A3DF4DFD219A083A00665AEB /* LaunchScreen.storyboard */; };
		A3DF4E07219A085C00665AEB /* DesignedView.swift in Sources */ = {isa = PBXBuildFile; fileRef = A3DF4E06219A085C00665AEB /* DesignedView.swift */; };
/* End PBXBuildFile section */

/* Begin PBXFileReference section */
		A3DF4DF1219A083800665AEB /* UIBezierPathExample.app */ = {isa = PBXFileReference; explicitFileType = wrapper.application; includeInIndex = 0; path = UIBezierPathExample.app; sourceTree = BUILT_PRODUCTS_DIR; };
		A3DF4DF4219A083800665AEB /* AppDelegate.swift */ = {isa = PBXFileReference; lastKnownFileType = sourcecode.swift; path = AppDelegate.swift; sourceTree = "<group>"; };
		A3DF4DF6219A083800665AEB /* ViewController.swift */ = {isa = PBXFileReference; lastKnownFileType = sourcecode.swift; path = ViewController.swift; sourceTree = "<group>"; };
		A3DF4DF9219A083800665AEB /* Base */ = {isa = PBXFileReference; lastKnownFileType = file.storyboard; name = Base; path = Base.lproj/Main.storyboard; sourceTree = "<group>"; };
		A3DF4DFB219A083A00665AEB /* Assets.xcassets */ = {isa = PBXFileReference; lastKnownFileType = folder.assetcatalog; path = Assets.xcassets; sourceTree = "<group>"; };
		A3DF4DFE219A083A00665AEB /* Base */ = {isa = PBXFileReference; lastKnownFileType = file.storyboard; name = Base; path = Base.lproj/LaunchScreen.storyboard; sourceTree = "<group>"; };
		A3DF4E00219A083A00665AEB /* Info.plist */ = {isa = PBXFileReference; lastKnownFileType = text.plist.xml; path = Info.plist; sourceTree = "<group>"; };
		A3DF4E06219A085C00665AEB /* DesignedView.swift */ = {isa = PBXFileReference; lastKnownFileType = sourcecode.swift; path = DesignedView.swift; sourceTree = "<group>"; };
/* End PBXFileReference section */

/* Begin PBXFrameworksBuildPhase section */
		A3DF4DEE219A083800665AEB /* Frameworks */ = {
			isa = PBXFrameworksBuildPhase;
			buildActionMask = 2147483647;
			files = (
			);
			runOnlyForDeploymentPostprocessing = 0;
		};
/* End PBXFrameworksBuildPhase section */

/* Begin PBXGroup section */
		A3DF4DE8219A083800665AEB = {
			isa = PBXGroup;
			children = (
				A3DF4DF3219A083800665AEB /* UIBezierPathExample */,
				A3DF4DF2219A083800665AEB /* Products */,
			);
			sourceTree = "<group>";
		};
		A3DF4DF2219A083800665AEB /* Products */ = {
			isa = PBXGroup;
			children = (
				A3DF4DF1219A083800665AEB /* UIBezierPathExample.app */,
			);
			name = Products;
			sourceTree = "<group>";
		};
		A3DF4DF3219A083800665AEB /* UIBezierPathExample */ = {
			isa = PBXGroup;
			children = (
				A3DF4DF4219A083800665AEB /* AppDelegate.swift */,
				A3DF4DF6219A083800665AEB /* ViewController.swift */,
				A3DF4DF8219A083800665AEB /* Main.storyboard */,
				A3DF4DFB219A083A00665AEB /* Assets.xcassets */,
				A3DF4DFD219A083A00665AEB /* LaunchScreen.storyboard */,
				A3DF4E00219A083A00665AEB /* Info.plist */,
				A3DF4E06219A085C00665AEB /* DesignedView.swift */,
			);
			path = UIBezierPathExample;
			sourceTree = "<group>";
		};
/* End PBXGroup section */

/* Begin PBXNativeTarget section */
		A3DF4DF0219A083800665AEB /* UIBezierPathExample */ = {
			isa = PBXNativeTarget;
			buildConfigurationList = A3DF4E03219A083A00665AEB /* Build configuration list for PBXNativeTarget "UIBezierPathExample" */;
			buildPhases = (
				A3DF4DED219A083800665AEB /* Sources */,
				A3DF4DEE219A083800665AEB /* Frameworks */,
				A3DF4DEF219A083800665AEB /* Resources */,
			);
			buildRules = (
			);
			dependencies = (
			);
			name = UIBezierPathExample;
			productName = UIBezierPathExample;
			productReference = A3DF4DF1219A083800665AEB /* UIBezierPathExample.app */;
			productType = "com.apple.product-type.application";
		};
/* End PBXNativeTarget section */

/* Begin PBXProject section */
		A3DF4DE9219A083800665AEB /* Project object */ = {
			isa = PBXProject;
			attributes = {
				LastSwiftUpdateCheck = 1010;
				LastUpgradeCheck = 1010;
				ORGANIZATIONNAME = VAndrJ;
				TargetAttributes = {
					A3DF4DF0219A083800665AEB = {
						CreatedOnToolsVersion = 10.1;
					};
				};
			};
			buildConfigurationList = A3DF4DEC219A083800665AEB /* Build configuration list for PBXProject "UIBezierPathExample" */;
			compatibilityVersion = "Xcode 9.3";
			developmentRegion = en;
			hasScannedForEncodings = 0;
			knownRegions = (
				en,
				Base,
			);
			mainGroup = A3DF4DE8219A083800665AEB;
			productRefGroup = A3DF4DF2219A083800665AEB /* Products */;
			projectDirPath = "";
			projectRoot = "";
			targets = (
				A3DF4DF0219A083800665AEB /* UIBezierPathExample */,
			);
		};
/* End PBXProject section */

/* Begin PBXResourcesBuildPhase section */
		A3DF4DEF219A083800665AEB /* Resources */ = {
			isa = PBXResourcesBuildPhase;
			buildActionMask = 2147483647;
			files = (
				A3DF4DFF219A083A00665AEB /* LaunchScreen.storyboard in Resources */,
				A3DF4DFC219A083A00665AEB /* Assets.xcassets in Resources */,
				A3DF4DFA219A083800665AEB /* Main.storyboard in Resources */,
			);
			runOnlyForDeploymentPostprocessing = 0;
		};
/* End PBXResourcesBuildPhase section */

/* Begin PBXSourcesBuildPhase section */
		A3DF4DED219A083800665AEB /* Sources */ = {
			isa = PBXSourcesBuildPhase;
			buildActionMask = 2147483647;
			files = (
				A3DF4DF7219A083800665AEB /* ViewController.swift in Sources */,
				A3DF4DF5219A083800665AEB /* AppDelegate.swift in Sources */,
				A3DF4E07219A085C00665AEB /* DesignedView.swift in Sources */,
			);
			runOnlyForDeploymentPostprocessing = 0;
		};
/* End PBXSourcesBuildPhase section */

/* Begin PBXVariantGroup section */
		A3DF4DF8219A083800665AEB /* Main.storyboard */ = {
			isa = PBXVariantGroup;
			children = (
				A3DF4DF9219A083800665AEB /* Base */,
			);
			name = Main.storyboard;
			sourceTree = "<group>";
		};
		A3DF4DFD219A083A00665AEB /* LaunchScreen.storyboard */ = {
			isa = PBXVariantGroup;
			children = (
				A3DF4DFE219A083A00665AEB /* Base */,
			);
			name = LaunchScreen.storyboard;
			sourceTree = "<group>";
		};
/* End PBXVariantGroup section */

/* Begin XCBuildConfiguration section */
		A3DF4E01219A083A00665AEB /* Debug */ = {
			isa = XCBuildConfiguration;
			buildSettings = {
				ALWAYS_SEARCH_USER_PATHS = NO;
				CLANG_ANALYZER_NONNULL = YES;
				CLANG_ANALYZER_NUMBER_OBJECT_CONVERSION = YES_AGGRESSIVE;
				CLANG_CXX_LANGUAGE_STANDARD = "gnu++14";
				CLANG_CXX_LIBRARY = "libc++";
				CLANG_ENABLE_MODULES = YES;
				CLANG_ENABLE_OBJC_ARC = YES;
				CLANG_ENABLE_OBJC_WEAK = YES;
				CLANG_WARN_BLOCK_CAPTURE_AUTORELEASING = YES;
				CLANG_WARN_BOOL_CONVERSION = YES;
				CLANG_WARN_COMMA = YES;
				CLANG_WARN_CONSTANT_CONVERSION = YES;
				CLANG_WARN_DEPRECATED_OBJC_IMPLEMENTATIONS = YES;
				CLANG_WARN_DIRECT_OBJC_ISA_USAGE = YES_ERROR;
				CLANG_WARN_DOCUMENTATION_COMMENTS = YES;
				CLANG_WARN_EMPTY_BODY = YES;
				CLANG_WARN_ENUM_CONVERSION = YES;
				CLANG_WARN_INFINITE_RECURSION = YES;
				CLANG_WARN_INT_CONVERSION = YES;
				CLANG_WARN_NON_LITERAL_NULL_CONVERSION = YES;
				CLANG_WARN_OBJC_IMPLICIT_RETAIN_SELF = YES;
				CLANG_WARN_OBJC_LITERAL_CONVERSION = YES;
				CLANG_WARN_OBJC_ROOT_CLASS = YES_ERROR;
				CLANG_WARN_RANGE_LOOP_ANALYSIS = YES;
				CLANG_WARN_STRICT_PROTOTYPES = YES;
				CLANG_WARN_SUSPICIOUS_MOVE = YES;
				CLANG_WARN_UNGUARDED_AVAILABILITY = YES_AGGRESSIVE;
				CLANG_WARN_UNREACHABLE_CODE = YES;
				CLANG_WARN__DUPLICATE_METHOD_MATCH = YES;
				CODE_SIGN_IDENTITY = "iPhone Developer";
				COPY_PHASE_STRIP = NO;
				DEBUG_INFORMATION_FORMAT = dwarf;
				ENABLE_STRICT_OBJC_MSGSEND = YES;
				ENABLE_TESTABILITY = YES;
				GCC_C_LANGUAGE_STANDARD = gnu11;
				GCC_DYNAMIC_NO_PIC = NO;
				GCC_NO_COMMON_BLOCKS = YES;
				GCC_OPTIMIZATION_LEVEL = 0;
				GCC_PREPROCESSOR_DEFINITIONS = (
					"DEBUG=1",
					"$(inherited)",
				);
				GCC_WARN_64_TO_32_BIT_CONVERSION = YES;
				GCC_WARN_ABOUT_RETURN_TYPE = YES_ERROR;
				GCC_WARN_UNDECLARED_SELECTOR = YES;
				GCC_WARN_UNINITIALIZED_AUTOS = YES_AGGRESSIVE;
				GCC_WARN_UNUSED_FUNCTION = YES;
				GCC_WARN_UNUSED_VARIABLE = YES;
				IPHONEOS_DEPLOYMENT_TARGET = 12.1;
				MTL_ENABLE_DEBUG_INFO = INCLUDE_SOURCE;
				MTL_FAST_MATH = YES;
				ONLY_ACTIVE_ARCH = YES;
				SDKROOT = iphoneos;
				SWIFT_ACTIVE_COMPILATION_CONDITIONS = DEBUG;
				SWIFT_OPTIMIZATION_LEVEL = "-Onone";
			};
			name = Debug;
		};
		A3DF4E02219A083A00665AEB /* Release */ = {
			isa = XCBuildConfiguration;
			buildSettings = {
				ALWAYS_SEARCH_USER_PATHS = NO;
				CLANG_ANALYZER_NONNULL = YES;
				CLANG_ANALYZER_NUMBER_OBJECT_CONVERSION = YES_AGGRESSIVE;
				CLANG_CXX_LANGUAGE_STANDARD = "gnu++14";
				CLANG_CXX_LIBRARY = "libc++";
				CLANG_ENABLE_MODULES = YES;
				CLANG_ENABLE_OBJC_ARC = YES;
				CLANG_ENABLE_OBJC_WEAK = YES;
				CLANG_WARN_BLOCK_CAPTURE_AUTORELEASING = YES;
				CLANG_WARN_BOOL_CONVERSION = YES;
				CLANG_WARN_COMMA = YES;
				CLANG_WARN_CONSTANT_CONVERSION = YES;
				CLANG_WARN_DEPRECATED_OBJC_IMPLEMENTATIONS = YES;
				CLANG_WARN_DIRECT_OBJC_ISA_USAGE = YES_ERROR;
				CLANG_WARN_DOCUMENTATION_COMMENTS = YES;
				CLANG_WARN_EMPTY_BODY = YES;
				CLANG_WARN_ENUM_CONVERSION = YES;
				CLANG_WARN_INFINITE_RECURSION = YES;
				CLANG_WARN_INT_CONVERSION = YES;
				CLANG_WARN_NON_LITERAL_NULL_CONVERSION = YES;
				CLANG_WARN_OBJC_IMPLICIT_RETAIN_SELF = YES;
				CLANG_WARN_OBJC_LITERAL_CONVERSION = YES;
				CLANG_WARN_OBJC_ROOT_CLASS = YES_ERROR;
				CLANG_WARN_RANGE_LOOP_ANALYSIS = YES;
				CLANG_WARN_STRICT_PROTOTYPES = YES;
				CLANG_WARN_SUSPICIOUS_MOVE = YES;
				CLANG_WARN_UNGUARDED_AVAILABILITY = YES_AGGRESSIVE;
				CLANG_WARN_UNREACHABLE_CODE = YES;
				CLANG_WARN__DUPLICATE_METHOD_MATCH = YES;
				CODE_SIGN_IDENTITY = "iPhone Developer";
				COPY_PHASE_STRIP = NO;
				DEBUG_INFORMATION_FORMAT = "dwarf-with-dsym";
				ENABLE_NS_ASSERTIONS = NO;
				ENABLE_STRICT_OBJC_MSGSEND = YES;
				GCC_C_LANGUAGE_STANDARD = gnu11;
				GCC_NO_COMMON_BLOCKS = YES;
				GCC_WARN_64_TO_32_BIT_CONVERSION = YES;
				GCC_WARN_ABOUT_RETURN_TYPE = YES_ERROR;
				GCC_WARN_UNDECLARED_SELECTOR = YES;
				GCC_WARN_UNINITIALIZED_AUTOS = YES_AGGRESSIVE;
				GCC_WARN_UNUSED_FUNCTION = YES;
				GCC_WARN_UNUSED_VARIABLE = YES;
				IPHONEOS_DEPLOYMENT_TARGET = 12.1;
				MTL_ENABLE_DEBUG_INFO = NO;
				MTL_FAST_MATH = YES;
				SDKROOT = iphoneos;
				SWIFT_COMPILATION_MODE = wholemodule;
				SWIFT_OPTIMIZATION_LEVEL = "-O";
				VALIDATE_PRODUCT = YES;
			};
			name = Release;
		};
		A3DF4E04219A083A00665AEB /* Debug */ = {
			isa = XCBuildConfiguration;
			buildSettings = {
				ASSETCATALOG_COMPILER_APPICON_NAME = AppIcon;
				CODE_SIGN_STYLE = Automatic;
				INFOPLIST_FILE = UIBezierPathExample/Info.plist;
				LD_RUNPATH_SEARCH_PATHS = (
					"$(inherited)",
					"@executable_path/Frameworks",
				);
				PRODUCT_BUNDLE_IDENTIFIER = com.vandrj.UIBezierPathExample;
				PRODUCT_NAME = "$(TARGET_NAME)";
				SWIFT_VERSION = 4.2;
				TARGETED_DEVICE_FAMILY = "1,2";
			};
			name = Debug;
		};
		A3DF4E05219A083A00665AEB /* Release */ = {
			isa = XCBuildConfiguration;
			buildSettings = {
				ASSETCATALOG_COMPILER_APPICON_NAME = AppIcon;
				CODE_SIGN_STYLE = Automatic;
				INFOPLIST_FILE = UIBezierPathExample/Info.plist;
				LD_RUNPATH_SEARCH_PATHS = (
					"$(inherited)",
					"@executable_path/Frameworks",
				);
				PRODUCT_BUNDLE_IDENTIFIER = com.vandrj.UIBezierPathExample;
				PRODUCT_NAME = "$(TARGET_NAME)";
				SWIFT_VERSION = 4.2;
				TARGETED_DEVICE_FAMILY = "1,2";
			};
			name = Release;
		};
/* End XCBuildConfiguration section */

/* Begin XCConfigurationList section */
		A3DF4DEC219A083800665AEB /* Build configuration list for PBXProject "UIBezierPathExample" */ = {
			isa = XCConfigurationList;
			buildConfigurations = (
				A3DF4E01219A083A00665AEB /* Debug */,
				A3DF4E02219A083A00665AEB /* Release */,
			);
			defaultConfigurationIsVisible = 0;
			defaultConfigurationName = Release;
		};
		A3DF4E03219A083A00665AEB /* Build configuration list for PBXNativeTarget "UIBezierPathExample" */ = {
			isa = XCConfigurationList;
			buildConfigurations = (
				A3DF4E04219A083A00665AEB /* Debug */,
				A3DF4E05219A083A00665AEB /* Release */,
			);
			defaultConfigurationIsVisible = 0;
			defaultConfigurationName = Release;
		};
/* End XCConfigurationList section */
	};
	rootObject = A3DF4DE9219A083800665AEB /* Project object */;
}
